// !$*UTF8*$!
{
	archiveVersion = 1;
	classes = {
	};
	objectVersion = 50;
	objects = {

/* Begin PBXBuildFile section */
		4585459E233F37A70002B308 /* AppDelegate.swift in Sources */ = {isa = PBXBuildFile; fileRef = 4585459D233F37A70002B308 /* AppDelegate.swift */; };
		458545A0233F37A70002B308 /* SceneDelegate.swift in Sources */ = {isa = PBXBuildFile; fileRef = 4585459F233F37A70002B308 /* SceneDelegate.swift */; };
		458545A2233F37A70002B308 /* ViewController.swift in Sources */ = {isa = PBXBuildFile; fileRef = 458545A1233F37A70002B308 /* ViewController.swift */; };
		458545A5233F37A70002B308 /* Main.storyboard in Resources */ = {isa = PBXBuildFile; fileRef = 458545A3233F37A70002B308 /* Main.storyboard */; };
		458545A7233F37A80002B308 /* Assets.xcassets in Resources */ = {isa = PBXBuildFile; fileRef = 458545A6233F37A80002B308 /* Assets.xcassets */; };
		458545AA233F37A80002B308 /* LaunchScreen.storyboard in Resources */ = {isa = PBXBuildFile; fileRef = 458545A8233F37A80002B308 /* LaunchScreen.storyboard */; };
		458545B5233F37A80002B308 /* HelloWorldTests.swift in Sources */ = {isa = PBXBuildFile; fileRef = 458545B4233F37A80002B308 /* HelloWorldTests.swift */; };
		458545C0233F37A80002B308 /* HelloWorldUITests.swift in Sources */ = {isa = PBXBuildFile; fileRef = 458545BF233F37A80002B308 /* HelloWorldUITests.swift */; };
		458545D4233F4C600002B308 /* NextViewController.swift in Sources */ = {isa = PBXBuildFile; fileRef = 458545D3233F4C600002B308 /* NextViewController.swift */; };
/* End PBXBuildFile section */

/* Begin PBXContainerItemProxy section */
		458545B1233F37A80002B308 /* PBXContainerItemProxy */ = {
			isa = PBXContainerItemProxy;
			containerPortal = 45854592233F37A70002B308 /* Project object */;
			proxyType = 1;
			remoteGlobalIDString = 45854599233F37A70002B308;
			remoteInfo = HelloWorld;
		};
		458545BC233F37A80002B308 /* PBXContainerItemProxy */ = {
			isa = PBXContainerItemProxy;
			containerPortal = 45854592233F37A70002B308 /* Project object */;
			proxyType = 1;
			remoteGlobalIDString = 45854599233F37A70002B308;
			remoteInfo = HelloWorld;
		};
/* End PBXContainerItemProxy section */

/* Begin PBXFileReference section */
		4585459A233F37A70002B308 /* HelloWorld.app */ = {isa = PBXFileReference; explicitFileType = wrapper.application; includeInIndex = 0; path = HelloWorld.app; sourceTree = BUILT_PRODUCTS_DIR; };
		4585459D233F37A70002B308 /* AppDelegate.swift */ = {isa = PBXFileReference; lastKnownFileType = sourcecode.swift; path = AppDelegate.swift; sourceTree = "<group>"; };
		4585459F233F37A70002B308 /* SceneDelegate.swift */ = {isa = PBXFileReference; lastKnownFileType = sourcecode.swift; path = SceneDelegate.swift; sourceTree = "<group>"; };
		458545A1233F37A70002B308 /* ViewController.swift */ = {isa = PBXFileReference; lastKnownFileType = sourcecode.swift; path = ViewController.swift; sourceTree = "<group>"; };
		458545A4233F37A70002B308 /* Base */ = {isa = PBXFileReference; lastKnownFileType = file.storyboard; name = Base; path = Base.lproj/Main.storyboard; sourceTree = "<group>"; };
		458545A6233F37A80002B308 /* Assets.xcassets */ = {isa = PBXFileReference; lastKnownFileType = folder.assetcatalog; path = Assets.xcassets; sourceTree = "<group>"; };
		458545A9233F37A80002B308 /* Base */ = {isa = PBXFileReference; lastKnownFileType = file.storyboard; name = Base; path = Base.lproj/LaunchScreen.storyboard; sourceTree = "<group>"; };
		458545AB233F37A80002B308 /* Info.plist */ = {isa = PBXFileReference; lastKnownFileType = text.plist.xml; path = Info.plist; sourceTree = "<group>"; };
		458545B0233F37A80002B308 /* HelloWorldTests.xctest */ = {isa = PBXFileReference; explicitFileType = wrapper.cfbundle; includeInIndex = 0; path = HelloWorldTests.xctest; sourceTree = BUILT_PRODUCTS_DIR; };
		458545B4233F37A80002B308 /* HelloWorldTests.swift */ = {isa = PBXFileReference; lastKnownFileType = sourcecode.swift; path = HelloWorldTests.swift; sourceTree = "<group>"; };
		458545B6233F37A80002B308 /* Info.plist */ = {isa = PBXFileReference; lastKnownFileType = text.plist.xml; path = Info.plist; sourceTree = "<group>"; };
		458545BB233F37A80002B308 /* HelloWorldUITests.xctest */ = {isa = PBXFileReference; explicitFileType = wrapper.cfbundle; includeInIndex = 0; path = HelloWorldUITests.xctest; sourceTree = BUILT_PRODUCTS_DIR; };
		458545BF233F37A80002B308 /* HelloWorldUITests.swift */ = {isa = PBXFileReference; lastKnownFileType = sourcecode.swift; path = HelloWorldUITests.swift; sourceTree = "<group>"; };
		458545C1233F37A80002B308 /* Info.plist */ = {isa = PBXFileReference; lastKnownFileType = text.plist.xml; path = Info.plist; sourceTree = "<group>"; };
		458545D3233F4C600002B308 /* NextViewController.swift */ = {isa = PBXFileReference; lastKnownFileType = sourcecode.swift; path = NextViewController.swift; sourceTree = "<group>"; };
/* End PBXFileReference section */

/* Begin PBXFrameworksBuildPhase section */
		45854597233F37A70002B308 /* Frameworks */ = {
			isa = PBXFrameworksBuildPhase;
			buildActionMask = 2147483647;
			files = (
			);
			runOnlyForDeploymentPostprocessing = 0;
		};
		458545AD233F37A80002B308 /* Frameworks */ = {
			isa = PBXFrameworksBuildPhase;
			buildActionMask = 2147483647;
			files = (
			);
			runOnlyForDeploymentPostprocessing = 0;
		};
		458545B8233F37A80002B308 /* Frameworks */ = {
			isa = PBXFrameworksBuildPhase;
			buildActionMask = 2147483647;
			files = (
			);
			runOnlyForDeploymentPostprocessing = 0;
		};
/* End PBXFrameworksBuildPhase section */

/* Begin PBXGroup section */
		45854591233F37A70002B308 = {
			isa = PBXGroup;
			children = (
				4585459B233F37A70002B308 /* Products */,
				4585459C233F37A70002B308 /* HelloWorld */,
				458545BE233F37A80002B308 /* HelloWorldUITests */,
				458545B3233F37A80002B308 /* HelloWorldTests */,
			);
			sourceTree = "<group>";
		};
		4585459B233F37A70002B308 /* Products */ = {
			isa = PBXGroup;
			children = (
				4585459A233F37A70002B308 /* HelloWorld.app */,
				458545B0233F37A80002B308 /* HelloWorldTests.xctest */,
				458545BB233F37A80002B308 /* HelloWorldUITests.xctest */,
			);
			name = Products;
			sourceTree = "<group>";
		};
		4585459C233F37A70002B308 /* HelloWorld */ = {
			isa = PBXGroup;
			children = (
				458545AB233F37A80002B308 /* Info.plist */,
				458545CF233F38D20002B308 /* Supporting files */,
				458545CE233F38C70002B308 /* Resources */,
				458545CD233F38A90002B308 /* Sources */,
			);
			path = HelloWorld;
			sourceTree = "<group>";
		};
		458545B3233F37A80002B308 /* HelloWorldTests */ = {
			isa = PBXGroup;
			children = (
				458545B4233F37A80002B308 /* HelloWorldTests.swift */,
				458545B6233F37A80002B308 /* Info.plist */,
			);
			path = HelloWorldTests;
			sourceTree = "<group>";
		};
		458545BE233F37A80002B308 /* HelloWorldUITests */ = {
			isa = PBXGroup;
			children = (
				458545BF233F37A80002B308 /* HelloWorldUITests.swift */,
				458545C1233F37A80002B308 /* Info.plist */,
			);
			path = HelloWorldUITests;
			sourceTree = "<group>";
		};
		458545CD233F38A90002B308 /* Sources */ = {
			isa = PBXGroup;
			children = (
				4585459F233F37A70002B308 /* SceneDelegate.swift */,
				4585459D233F37A70002B308 /* AppDelegate.swift */,
				458545D0233F395C0002B308 /* ViewControllers */,
			);
			path = Sources;
			sourceTree = "<group>";
		};
		458545CE233F38C70002B308 /* Resources */ = {
			isa = PBXGroup;
			children = (
				458545A3233F37A70002B308 /* Main.storyboard */,
				458545A6233F37A80002B308 /* Assets.xcassets */,
				458545A8233F37A80002B308 /* LaunchScreen.storyboard */,
			);
			path = Resources;
			sourceTree = "<group>";
		};
		458545CF233F38D20002B308 /* Supporting files */ = {
			isa = PBXGroup;
			children = (
			);
			path = "Supporting files";
			sourceTree = "<group>";
		};
		458545D0233F395C0002B308 /* ViewControllers */ = {
			isa = PBXGroup;
			children = (
				458545A1233F37A70002B308 /* ViewController.swift */,
				458545D3233F4C600002B308 /* NextViewController.swift */,
			);
			path = ViewControllers;
			sourceTree = "<group>";
		};
/* End PBXGroup section */

/* Begin PBXNativeTarget section */
		45854599233F37A70002B308 /* HelloWorld */ = {
			isa = PBXNativeTarget;
			buildConfigurationList = 458545C4233F37A80002B308 /* Build configuration list for PBXNativeTarget "HelloWorld" */;
			buildPhases = (
				45854596233F37A70002B308 /* Sources */,
				45854597233F37A70002B308 /* Frameworks */,
				45854598233F37A70002B308 /* Resources */,
			);
			buildRules = (
			);
			dependencies = (
			);
			name = HelloWorld;
			productName = HelloWorld;
			productReference = 4585459A233F37A70002B308 /* HelloWorld.app */;
			productType = "com.apple.product-type.application";
		};
		458545AF233F37A80002B308 /* HelloWorldTests */ = {
			isa = PBXNativeTarget;
			buildConfigurationList = 458545C7233F37A80002B308 /* Build configuration list for PBXNativeTarget "HelloWorldTests" */;
			buildPhases = (
				458545AC233F37A80002B308 /* Sources */,
				458545AD233F37A80002B308 /* Frameworks */,
				458545AE233F37A80002B308 /* Resources */,
			);
			buildRules = (
			);
			dependencies = (
				458545B2233F37A80002B308 /* PBXTargetDependency */,
			);
			name = HelloWorldTests;
			productName = HelloWorldTests;
			productReference = 458545B0233F37A80002B308 /* HelloWorldTests.xctest */;
			productType = "com.apple.product-type.bundle.unit-test";
		};
		458545BA233F37A80002B308 /* HelloWorldUITests */ = {
			isa = PBXNativeTarget;
			buildConfigurationList = 458545CA233F37A80002B308 /* Build configuration list for PBXNativeTarget "HelloWorldUITests" */;
			buildPhases = (
				458545B7233F37A80002B308 /* Sources */,
				458545B8233F37A80002B308 /* Frameworks */,
				458545B9233F37A80002B308 /* Resources */,
			);
			buildRules = (
			);
			dependencies = (
				458545BD233F37A80002B308 /* PBXTargetDependency */,
			);
			name = HelloWorldUITests;
			productName = HelloWorldUITests;
			productReference = 458545BB233F37A80002B308 /* HelloWorldUITests.xctest */;
			productType = "com.apple.product-type.bundle.ui-testing";
		};
/* End PBXNativeTarget section */

/* Begin PBXProject section */
		45854592233F37A70002B308 /* Project object */ = {
			isa = PBXProject;
			attributes = {
				LastSwiftUpdateCheck = 1100;
				LastUpgradeCheck = 1100;
				ORGANIZATIONNAME = juhyeok;
				TargetAttributes = {
					45854599233F37A70002B308 = {
						CreatedOnToolsVersion = 11.0;
					};
					458545AF233F37A80002B308 = {
						CreatedOnToolsVersion = 11.0;
						TestTargetID = 45854599233F37A70002B308;
					};
					458545BA233F37A80002B308 = {
						CreatedOnToolsVersion = 11.0;
						TestTargetID = 45854599233F37A70002B308;
					};
				};
			};
			buildConfigurationList = 45854595233F37A70002B308 /* Build configuration list for PBXProject "HelloWorld" */;
			compatibilityVersion = "Xcode 9.3";
			developmentRegion = en;
			hasScannedForEncodings = 0;
			knownRegions = (
				en,
				Base,
			);
			mainGroup = 45854591233F37A70002B308;
			productRefGroup = 4585459B233F37A70002B308 /* Products */;
			projectDirPath = "";
			projectRoot = "";
			targets = (
				45854599233F37A70002B308 /* HelloWorld */,
				458545AF233F37A80002B308 /* HelloWorldTests */,
				458545BA233F37A80002B308 /* HelloWorldUITests */,
			);
		};
/* End PBXProject section */

/* Begin PBXResourcesBuildPhase section */
		45854598233F37A70002B308 /* Resources */ = {
			isa = PBXResourcesBuildPhase;
			buildActionMask = 2147483647;
			files = (
				458545AA233F37A80002B308 /* LaunchScreen.storyboard in Resources */,
				458545A7233F37A80002B308 /* Assets.xcassets in Resources */,
				458545A5233F37A70002B308 /* Main.storyboard in Resources */,
			);
			runOnlyForDeploymentPostprocessing = 0;
		};
		458545AE233F37A80002B308 /* Resources */ = {
			isa = PBXResourcesBuildPhase;
			buildActionMask = 2147483647;
			files = (
			);
			runOnlyForDeploymentPostprocessing = 0;
		};
		458545B9233F37A80002B308 /* Resources */ = {
			isa = PBXResourcesBuildPhase;
			buildActionMask = 2147483647;
			files = (
			);
			runOnlyForDeploymentPostprocessing = 0;
		};
/* End PBXResourcesBuildPhase section */

/* Begin PBXSourcesBuildPhase section */
		45854596233F37A70002B308 /* Sources */ = {
			isa = PBXSourcesBuildPhase;
			buildActionMask = 2147483647;
			files = (
				458545A2233F37A70002B308 /* ViewController.swift in Sources */,
				458545D4233F4C600002B308 /* NextViewController.swift in Sources */,
				4585459E233F37A70002B308 /* AppDelegate.swift in Sources */,
				458545A0233F37A70002B308 /* SceneDelegate.swift in Sources */,
			);
			runOnlyForDeploymentPostprocessing = 0;
		};
		458545AC233F37A80002B308 /* Sources */ = {
			isa = PBXSourcesBuildPhase;
			buildActionMask = 2147483647;
			files = (
				458545B5233F37A80002B308 /* HelloWorldTests.swift in Sources */,
			);
			runOnlyForDeploymentPostprocessing = 0;
		};
		458545B7233F37A80002B308 /* Sources */ = {
			isa = PBXSourcesBuildPhase;
			buildActionMask = 2147483647;
			files = (
				458545C0233F37A80002B308 /* HelloWorldUITests.swift in Sources */,
			);
			runOnlyForDeploymentPostprocessing = 0;
		};
/* End PBXSourcesBuildPhase section */

/* Begin PBXTargetDependency section */
		458545B2233F37A80002B308 /* PBXTargetDependency */ = {
			isa = PBXTargetDependency;
			target = 45854599233F37A70002B308 /* HelloWorld */;
			targetProxy = 458545B1233F37A80002B308 /* PBXContainerItemProxy */;
		};
		458545BD233F37A80002B308 /* PBXTargetDependency */ = {
			isa = PBXTargetDependency;
			target = 45854599233F37A70002B308 /* HelloWorld */;
			targetProxy = 458545BC233F37A80002B308 /* PBXContainerItemProxy */;
		};
/* End PBXTargetDependency section */

/* Begin PBXVariantGroup section */
		458545A3233F37A70002B308 /* Main.storyboard */ = {
			isa = PBXVariantGroup;
			children = (
				458545A4233F37A70002B308 /* Base */,
			);
			name = Main.storyboard;
			sourceTree = "<group>";
		};
		458545A8233F37A80002B308 /* LaunchScreen.storyboard */ = {
			isa = PBXVariantGroup;
			children = (
				458545A9233F37A80002B308 /* Base */,
			);
			name = LaunchScreen.storyboard;
			sourceTree = "<group>";
		};
/* End PBXVariantGroup section */

/* Begin XCBuildConfiguration section */
		458545C2233F37A80002B308 /* Debug */ = {
			isa = XCBuildConfiguration;
			buildSettings = {
				ALWAYS_SEARCH_USER_PATHS = NO;
				CLANG_ANALYZER_NONNULL = YES;
				CLANG_ANALYZER_NUMBER_OBJECT_CONVERSION = YES_AGGRESSIVE;
				CLANG_CXX_LANGUAGE_STANDARD = "gnu++14";
				CLANG_CXX_LIBRARY = "libc++";
				CLANG_ENABLE_MODULES = YES;
				CLANG_ENABLE_OBJC_ARC = YES;
				CLANG_ENABLE_OBJC_WEAK = YES;
				CLANG_WARN_BLOCK_CAPTURE_AUTORELEASING = YES;
				CLANG_WARN_BOOL_CONVERSION = YES;
				CLANG_WARN_COMMA = YES;
				CLANG_WARN_CONSTANT_CONVERSION = YES;
				CLANG_WARN_DEPRECATED_OBJC_IMPLEMENTATIONS = YES;
				CLANG_WARN_DIRECT_OBJC_ISA_USAGE = YES_ERROR;
				CLANG_WARN_DOCUMENTATION_COMMENTS = YES;
				CLANG_WARN_EMPTY_BODY = YES;
				CLANG_WARN_ENUM_CONVERSION = YES;
				CLANG_WARN_INFINITE_RECURSION = YES;
				CLANG_WARN_INT_CONVERSION = YES;
				CLANG_WARN_NON_LITERAL_NULL_CONVERSION = YES;
				CLANG_WARN_OBJC_IMPLICIT_RETAIN_SELF = YES;
				CLANG_WARN_OBJC_LITERAL_CONVERSION = YES;
				CLANG_WARN_OBJC_ROOT_CLASS = YES_ERROR;
				CLANG_WARN_RANGE_LOOP_ANALYSIS = YES;
				CLANG_WARN_STRICT_PROTOTYPES = YES;
				CLANG_WARN_SUSPICIOUS_MOVE = YES;
				CLANG_WARN_UNGUARDED_AVAILABILITY = YES_AGGRESSIVE;
				CLANG_WARN_UNREACHABLE_CODE = YES;
				CLANG_WARN__DUPLICATE_METHOD_MATCH = YES;
				COPY_PHASE_STRIP = NO;
				DEBUG_INFORMATION_FORMAT = dwarf;
				ENABLE_STRICT_OBJC_MSGSEND = YES;
				ENABLE_TESTABILITY = YES;
				GCC_C_LANGUAGE_STANDARD = gnu11;
				GCC_DYNAMIC_NO_PIC = NO;
				GCC_NO_COMMON_BLOCKS = YES;
				GCC_OPTIMIZATION_LEVEL = 0;
				GCC_PREPROCESSOR_DEFINITIONS = (
					"DEBUG=1",
					"$(inherited)",
				);
				GCC_WARN_64_TO_32_BIT_CONVERSION = YES;
				GCC_WARN_ABOUT_RETURN_TYPE = YES_ERROR;
				GCC_WARN_UNDECLARED_SELECTOR = YES;
				GCC_WARN_UNINITIALIZED_AUTOS = YES_AGGRESSIVE;
				GCC_WARN_UNUSED_FUNCTION = YES;
				GCC_WARN_UNUSED_VARIABLE = YES;
				IPHONEOS_DEPLOYMENT_TARGET = 13.0;
				MTL_ENABLE_DEBUG_INFO = INCLUDE_SOURCE;
				MTL_FAST_MATH = YES;
				ONLY_ACTIVE_ARCH = YES;
				SDKROOT = iphoneos;
				SWIFT_ACTIVE_COMPILATION_CONDITIONS = DEBUG;
				SWIFT_OPTIMIZATION_LEVEL = "-Onone";
			};
			name = Debug;
		};
		458545C3233F37A80002B308 /* Release */ = {
			isa = XCBuildConfiguration;
			buildSettings = {
				ALWAYS_SEARCH_USER_PATHS = NO;
				CLANG_ANALYZER_NONNULL = YES;
				CLANG_ANALYZER_NUMBER_OBJECT_CONVERSION = YES_AGGRESSIVE;
				CLANG_CXX_LANGUAGE_STANDARD = "gnu++14";
				CLANG_CXX_LIBRARY = "libc++";
				CLANG_ENABLE_MODULES = YES;
				CLANG_ENABLE_OBJC_ARC = YES;
				CLANG_ENABLE_OBJC_WEAK = YES;
				CLANG_WARN_BLOCK_CAPTURE_AUTORELEASING = YES;
				CLANG_WARN_BOOL_CONVERSION = YES;
				CLANG_WARN_COMMA = YES;
				CLANG_WARN_CONSTANT_CONVERSION = YES;
				CLANG_WARN_DEPRECATED_OBJC_IMPLEMENTATIONS = YES;
				CLANG_WARN_DIRECT_OBJC_ISA_USAGE = YES_ERROR;
				CLANG_WARN_DOCUMENTATION_COMMENTS = YES;
				CLANG_WARN_EMPTY_BODY = YES;
				CLANG_WARN_ENUM_CONVERSION = YES;
				CLANG_WARN_INFINITE_RECURSION = YES;
				CLANG_WARN_INT_CONVERSION = YES;
				CLANG_WARN_NON_LITERAL_NULL_CONVERSION = YES;
				CLANG_WARN_OBJC_IMPLICIT_RETAIN_SELF = YES;
				CLANG_WARN_OBJC_LITERAL_CONVERSION = YES;
				CLANG_WARN_OBJC_ROOT_CLASS = YES_ERROR;
				CLANG_WARN_RANGE_LOOP_ANALYSIS = YES;
				CLANG_WARN_STRICT_PROTOTYPES = YES;
				CLANG_WARN_SUSPICIOUS_MOVE = YES;
				CLANG_WARN_UNGUARDED_AVAILABILITY = YES_AGGRESSIVE;
				CLANG_WARN_UNREACHABLE_CODE = YES;
				CLANG_WARN__DUPLICATE_METHOD_MATCH = YES;
				COPY_PHASE_STRIP = NO;
				DEBUG_INFORMATION_FORMAT = "dwarf-with-dsym";
				ENABLE_NS_ASSERTIONS = NO;
				ENABLE_STRICT_OBJC_MSGSEND = YES;
				GCC_C_LANGUAGE_STANDARD = gnu11;
				GCC_NO_COMMON_BLOCKS = YES;
				GCC_WARN_64_TO_32_BIT_CONVERSION = YES;
				GCC_WARN_ABOUT_RETURN_TYPE = YES_ERROR;
				GCC_WARN_UNDECLARED_SELECTOR = YES;
				GCC_WARN_UNINITIALIZED_AUTOS = YES_AGGRESSIVE;
				GCC_WARN_UNUSED_FUNCTION = YES;
				GCC_WARN_UNUSED_VARIABLE = YES;
				IPHONEOS_DEPLOYMENT_TARGET = 13.0;
				MTL_ENABLE_DEBUG_INFO = NO;
				MTL_FAST_MATH = YES;
				SDKROOT = iphoneos;
				SWIFT_COMPILATION_MODE = wholemodule;
				SWIFT_OPTIMIZATION_LEVEL = "-O";
				VALIDATE_PRODUCT = YES;
			};
			name = Release;
		};
		458545C5233F37A80002B308 /* Debug */ = {
			isa = XCBuildConfiguration;
			buildSettings = {
				ASSETCATALOG_COMPILER_APPICON_NAME = AppIcon;
				CODE_SIGN_STYLE = Automatic;
				DEVELOPMENT_TEAM = HAWSBW2KW5;
				INFOPLIST_FILE = HelloWorld/Info.plist;
				LD_RUNPATH_SEARCH_PATHS = (
					"$(inherited)",
					"@executable_path/Frameworks",
				);
				PRODUCT_BUNDLE_IDENTIFIER = org.sopt.HelloWorld;
				PRODUCT_NAME = "$(TARGET_NAME)";
				SWIFT_VERSION = 5.0;
				TARGETED_DEVICE_FAMILY = "1,2";
			};
			name = Debug;
		};
		458545C6233F37A80002B308 /* Release */ = {
			isa = XCBuildConfiguration;
			buildSettings = {
				ASSETCATALOG_COMPILER_APPICON_NAME = AppIcon;
				CODE_SIGN_STYLE = Automatic;
				DEVELOPMENT_TEAM = HAWSBW2KW5;
				INFOPLIST_FILE = HelloWorld/Info.plist;
				LD_RUNPATH_SEARCH_PATHS = (
					"$(inherited)",
					"@executable_path/Frameworks",
				);
				PRODUCT_BUNDLE_IDENTIFIER = org.sopt.HelloWorld;
				PRODUCT_NAME = "$(TARGET_NAME)";
				SWIFT_VERSION = 5.0;
				TARGETED_DEVICE_FAMILY = "1,2";
			};
			name = Release;
		};
		458545C8233F37A80002B308 /* Debug */ = {
			isa = XCBuildConfiguration;
			buildSettings = {
				ALWAYS_EMBED_SWIFT_STANDARD_LIBRARIES = YES;
				BUNDLE_LOADER = "$(TEST_HOST)";
				CODE_SIGN_STYLE = Automatic;
				DEVELOPMENT_TEAM = HAWSBW2KW5;
				INFOPLIST_FILE = HelloWorldTests/Info.plist;
				IPHONEOS_DEPLOYMENT_TARGET = 13.0;
				LD_RUNPATH_SEARCH_PATHS = (
					"$(inherited)",
					"@executable_path/Frameworks",
					"@loader_path/Frameworks",
				);
				PRODUCT_BUNDLE_IDENTIFIER = org.sopt.HelloWorldTests;
				PRODUCT_NAME = "$(TARGET_NAME)";
				SWIFT_VERSION = 5.0;
				TARGETED_DEVICE_FAMILY = "1,2";
				TEST_HOST = "$(BUILT_PRODUCTS_DIR)/HelloWorld.app/HelloWorld";
			};
			name = Debug;
		};
		458545C9233F37A80002B308 /* Release */ = {
			isa = XCBuildConfiguration;
			buildSettings = {
				ALWAYS_EMBED_SWIFT_STANDARD_LIBRARIES = YES;
				BUNDLE_LOADER = "$(TEST_HOST)";
				CODE_SIGN_STYLE = Automatic;
				DEVELOPMENT_TEAM = HAWSBW2KW5;
				INFOPLIST_FILE = HelloWorldTests/Info.plist;
				IPHONEOS_DEPLOYMENT_TARGET = 13.0;
				LD_RUNPATH_SEARCH_PATHS = (
					"$(inherited)",
					"@executable_path/Frameworks",
					"@loader_path/Frameworks",
				);
				PRODUCT_BUNDLE_IDENTIFIER = org.sopt.HelloWorldTests;
				PRODUCT_NAME = "$(TARGET_NAME)";
				SWIFT_VERSION = 5.0;
				TARGETED_DEVICE_FAMILY = "1,2";
				TEST_HOST = "$(BUILT_PRODUCTS_DIR)/HelloWorld.app/HelloWorld";
			};
			name = Release;
		};
		458545CB233F37A80002B308 /* Debug */ = {
			isa = XCBuildConfiguration;
			buildSettings = {
				ALWAYS_EMBED_SWIFT_STANDARD_LIBRARIES = YES;
				CODE_SIGN_STYLE = Automatic;
				DEVELOPMENT_TEAM = HAWSBW2KW5;
				INFOPLIST_FILE = HelloWorldUITests/Info.plist;
				LD_RUNPATH_SEARCH_PATHS = (
					"$(inherited)",
					"@executable_path/Frameworks",
					"@loader_path/Frameworks",
				);
				PRODUCT_BUNDLE_IDENTIFIER = org.sopt.HelloWorldUITests;
				PRODUCT_NAME = "$(TARGET_NAME)";
				SWIFT_VERSION = 5.0;
				TARGETED_DEVICE_FAMILY = "1,2";
				TEST_TARGET_NAME = HelloWorld;
			};
			name = Debug;
		};
		458545CC233F37A80002B308 /* Release */ = {
			isa = XCBuildConfiguration;
			buildSettings = {
				ALWAYS_EMBED_SWIFT_STANDARD_LIBRARIES = YES;
				CODE_SIGN_STYLE = Automatic;
				DEVELOPMENT_TEAM = HAWSBW2KW5;
				INFOPLIST_FILE = HelloWorldUITests/Info.plist;
				LD_RUNPATH_SEARCH_PATHS = (
					"$(inherited)",
					"@executable_path/Frameworks",
					"@loader_path/Frameworks",
				);
				PRODUCT_BUNDLE_IDENTIFIER = org.sopt.HelloWorldUITests;
				PRODUCT_NAME = "$(TARGET_NAME)";
				SWIFT_VERSION = 5.0;
				TARGETED_DEVICE_FAMILY = "1,2";
				TEST_TARGET_NAME = HelloWorld;
			};
			name = Release;
		};
/* End XCBuildConfiguration section */

/* Begin XCConfigurationList section */
		45854595233F37A70002B308 /* Build configuration list for PBXProject "HelloWorld" */ = {
			isa = XCConfigurationList;
			buildConfigurations = (
				458545C2233F37A80002B308 /* Debug */,
				458545C3233F37A80002B308 /* Release */,
			);
			defaultConfigurationIsVisible = 0;
			defaultConfigurationName = Release;
		};
		458545C4233F37A80002B308 /* Build configuration list for PBXNativeTarget "HelloWorld" */ = {
			isa = XCConfigurationList;
			buildConfigurations = (
				458545C5233F37A80002B308 /* Debug */,
				458545C6233F37A80002B308 /* Release */,
			);
			defaultConfigurationIsVisible = 0;
			defaultConfigurationName = Release;
		};
		458545C7233F37A80002B308 /* Build configuration list for PBXNativeTarget "HelloWorldTests" */ = {
			isa = XCConfigurationList;
			buildConfigurations = (
				458545C8233F37A80002B308 /* Debug */,
				458545C9233F37A80002B308 /* Release */,
			);
			defaultConfigurationIsVisible = 0;
			defaultConfigurationName = Release;
		};
		458545CA233F37A80002B308 /* Build configuration list for PBXNativeTarget "HelloWorldUITests" */ = {
			isa = XCConfigurationList;
			buildConfigurations = (
				458545CB233F37A80002B308 /* Debug */,
				458545CC233F37A80002B308 /* Release */,
			);
			defaultConfigurationIsVisible = 0;
			defaultConfigurationName = Release;
		};
/* End XCConfigurationList section */
	};
	rootObject = 45854592233F37A70002B308 /* Project object */;
}
